// !$*UTF8*$!
{
	archiveVersion = 1;
	classes = {
	};
	objectVersion = 55;
	objects = {

/* Begin PBXBuildFile section */
		F61235A528C6DE6300D153B7 /* Pokemon.swift in Sources */ = {isa = PBXBuildFile; fileRef = F61235A428C6DE6300D153B7 /* Pokemon.swift */; };
		F61235A828C6DFD900D153B7 /* PokemonTableViewCell.swift in Sources */ = {isa = PBXBuildFile; fileRef = F61235A628C6DFD900D153B7 /* PokemonTableViewCell.swift */; };
		F61235A928C6DFD900D153B7 /* PokemonTableViewCell.xib in Resources */ = {isa = PBXBuildFile; fileRef = F61235A728C6DFD900D153B7 /* PokemonTableViewCell.xib */; };
		F616254B28B46FC80080CDFC /* HomeViewController.swift in Sources */ = {isa = PBXBuildFile; fileRef = F616254A28B46FC80080CDFC /* HomeViewController.swift */; };
		F65AAC7D28C042800061F66F /* PokemonDetailViewController.swift in Sources */ = {isa = PBXBuildFile; fileRef = F65AAC7C28C042800061F66F /* PokemonDetailViewController.swift */; };
		F665312928ADC12400E94B61 /* AppDelegate.swift in Sources */ = {isa = PBXBuildFile; fileRef = F665312828ADC12400E94B61 /* AppDelegate.swift */; };
		F665312B28ADC12400E94B61 /* SceneDelegate.swift in Sources */ = {isa = PBXBuildFile; fileRef = F665312A28ADC12400E94B61 /* SceneDelegate.swift */; };
		F665312D28ADC12400E94B61 /* ViewController.swift in Sources */ = {isa = PBXBuildFile; fileRef = F665312C28ADC12400E94B61 /* ViewController.swift */; };
		F665313028ADC12400E94B61 /* Main.storyboard in Resources */ = {isa = PBXBuildFile; fileRef = F665312E28ADC12400E94B61 /* Main.storyboard */; };
		F665313228ADC12700E94B61 /* Assets.xcassets in Resources */ = {isa = PBXBuildFile; fileRef = F665313128ADC12700E94B61 /* Assets.xcassets */; };
		F665313528ADC12700E94B61 /* LaunchScreen.storyboard in Resources */ = {isa = PBXBuildFile; fileRef = F665313328ADC12700E94B61 /* LaunchScreen.storyboard */; };
		F666FC2D28BDA608004077D4 /* PokemonListViewController.swift in Sources */ = {isa = PBXBuildFile; fileRef = F666FC2C28BDA608004077D4 /* PokemonListViewController.swift */; };
		F690E58B28B6FCB300D62816 /* LoginNetflixViewController.swift in Sources */ = {isa = PBXBuildFile; fileRef = F690E58A28B6FCB200D62816 /* LoginNetflixViewController.swift */; };
/* End PBXBuildFile section */

/* Begin PBXFileReference section */
		F61235A428C6DE6300D153B7 /* Pokemon.swift */ = {isa = PBXFileReference; lastKnownFileType = sourcecode.swift; path = Pokemon.swift; sourceTree = "<group>"; };
		F61235A628C6DFD900D153B7 /* PokemonTableViewCell.swift */ = {isa = PBXFileReference; lastKnownFileType = sourcecode.swift; path = PokemonTableViewCell.swift; sourceTree = "<group>"; };
		F61235A728C6DFD900D153B7 /* PokemonTableViewCell.xib */ = {isa = PBXFileReference; lastKnownFileType = file.xib; path = PokemonTableViewCell.xib; sourceTree = "<group>"; };
		F616254A28B46FC80080CDFC /* HomeViewController.swift */ = {isa = PBXFileReference; lastKnownFileType = sourcecode.swift; path = HomeViewController.swift; sourceTree = "<group>"; };
		F65AAC7C28C042800061F66F /* PokemonDetailViewController.swift */ = {isa = PBXFileReference; lastKnownFileType = sourcecode.swift; path = PokemonDetailViewController.swift; sourceTree = "<group>"; };
		F665312528ADC12400E94B61 /* anahuac_ios.app */ = {isa = PBXFileReference; explicitFileType = wrapper.application; includeInIndex = 0; path = anahuac_ios.app; sourceTree = BUILT_PRODUCTS_DIR; };
		F665312828ADC12400E94B61 /* AppDelegate.swift */ = {isa = PBXFileReference; lastKnownFileType = sourcecode.swift; path = AppDelegate.swift; sourceTree = "<group>"; };
		F665312A28ADC12400E94B61 /* SceneDelegate.swift */ = {isa = PBXFileReference; lastKnownFileType = sourcecode.swift; path = SceneDelegate.swift; sourceTree = "<group>"; };
		F665312C28ADC12400E94B61 /* ViewController.swift */ = {isa = PBXFileReference; lastKnownFileType = sourcecode.swift; path = ViewController.swift; sourceTree = "<group>"; };
		F665312F28ADC12400E94B61 /* Base */ = {isa = PBXFileReference; lastKnownFileType = file.storyboard; name = Base; path = Base.lproj/Main.storyboard; sourceTree = "<group>"; };
		F665313128ADC12700E94B61 /* Assets.xcassets */ = {isa = PBXFileReference; lastKnownFileType = folder.assetcatalog; path = Assets.xcassets; sourceTree = "<group>"; };
		F665313428ADC12700E94B61 /* Base */ = {isa = PBXFileReference; lastKnownFileType = file.storyboard; name = Base; path = Base.lproj/LaunchScreen.storyboard; sourceTree = "<group>"; };
		F665313628ADC12700E94B61 /* Info.plist */ = {isa = PBXFileReference; lastKnownFileType = text.plist.xml; path = Info.plist; sourceTree = "<group>"; };
		F666FC2C28BDA608004077D4 /* PokemonListViewController.swift */ = {isa = PBXFileReference; lastKnownFileType = sourcecode.swift; path = PokemonListViewController.swift; sourceTree = "<group>"; };
		F690E58A28B6FCB200D62816 /* LoginNetflixViewController.swift */ = {isa = PBXFileReference; lastKnownFileType = sourcecode.swift; path = LoginNetflixViewController.swift; sourceTree = "<group>"; };
		F690E58C28B70F0E00D62816 /* MyPlayground.playground */ = {isa = PBXFileReference; lastKnownFileType = file.playground; path = MyPlayground.playground; sourceTree = "<group>"; xcLanguageSpecificationIdentifier = xcode.lang.swift; };
/* End PBXFileReference section */

/* Begin PBXFrameworksBuildPhase section */
		F665312228ADC12400E94B61 /* Frameworks */ = {
			isa = PBXFrameworksBuildPhase;
			buildActionMask = 2147483647;
			files = (
			);
			runOnlyForDeploymentPostprocessing = 0;
		};
/* End PBXFrameworksBuildPhase section */

/* Begin PBXGroup section */
		F61235A328C6DE4D00D153B7 /* models */ = {
			isa = PBXGroup;
			children = (
				F61235A428C6DE6300D153B7 /* Pokemon.swift */,
			);
			path = models;
			sourceTree = "<group>";
		};
		F665311C28ADC12400E94B61 = {
			isa = PBXGroup;
			children = (
				F665312728ADC12400E94B61 /* anahuac_ios */,
				F665312628ADC12400E94B61 /* Products */,
			);
			sourceTree = "<group>";
		};
		F665312628ADC12400E94B61 /* Products */ = {
			isa = PBXGroup;
			children = (
				F665312528ADC12400E94B61 /* anahuac_ios.app */,
			);
			name = Products;
			sourceTree = "<group>";
		};
		F665312728ADC12400E94B61 /* anahuac_ios */ = {
			isa = PBXGroup;
			children = (
				F61235A328C6DE4D00D153B7 /* models */,
				F665312828ADC12400E94B61 /* AppDelegate.swift */,
				F665312A28ADC12400E94B61 /* SceneDelegate.swift */,
				F665312C28ADC12400E94B61 /* ViewController.swift */,
				F616254A28B46FC80080CDFC /* HomeViewController.swift */,
				F690E58A28B6FCB200D62816 /* LoginNetflixViewController.swift */,
				F666FC2C28BDA608004077D4 /* PokemonListViewController.swift */,
				F65AAC7C28C042800061F66F /* PokemonDetailViewController.swift */,
				F61235A628C6DFD900D153B7 /* PokemonTableViewCell.swift */,
				F61235A728C6DFD900D153B7 /* PokemonTableViewCell.xib */,
				F665312E28ADC12400E94B61 /* Main.storyboard */,
				F665313128ADC12700E94B61 /* Assets.xcassets */,
				F665313328ADC12700E94B61 /* LaunchScreen.storyboard */,
				F665313628ADC12700E94B61 /* Info.plist */,
				F690E58C28B70F0E00D62816 /* MyPlayground.playground */,
			);
			path = anahuac_ios;
			sourceTree = "<group>";
		};
/* End PBXGroup section */

/* Begin PBXNativeTarget section */
		F665312428ADC12400E94B61 /* anahuac_ios */ = {
			isa = PBXNativeTarget;
			buildConfigurationList = F665313928ADC12700E94B61 /* Build configuration list for PBXNativeTarget "anahuac_ios" */;
			buildPhases = (
				F665312128ADC12400E94B61 /* Sources */,
				F665312228ADC12400E94B61 /* Frameworks */,
				F665312328ADC12400E94B61 /* Resources */,
			);
			buildRules = (
			);
			dependencies = (
			);
			name = anahuac_ios;
			productName = anahuac_ios;
			productReference = F665312528ADC12400E94B61 /* anahuac_ios.app */;
			productType = "com.apple.product-type.application";
		};
/* End PBXNativeTarget section */

/* Begin PBXProject section */
		F665311D28ADC12400E94B61 /* Project object */ = {
			isa = PBXProject;
			attributes = {
				BuildIndependentTargetsInParallel = 1;
				LastSwiftUpdateCheck = 1340;
				LastUpgradeCheck = 1340;
				TargetAttributes = {
					F665312428ADC12400E94B61 = {
						CreatedOnToolsVersion = 13.4.1;
					};
				};
			};
			buildConfigurationList = F665312028ADC12400E94B61 /* Build configuration list for PBXProject "anahuac_ios" */;
			compatibilityVersion = "Xcode 13.0";
			developmentRegion = en;
			hasScannedForEncodings = 0;
			knownRegions = (
				en,
				Base,
			);
			mainGroup = F665311C28ADC12400E94B61;
			productRefGroup = F665312628ADC12400E94B61 /* Products */;
			projectDirPath = "";
			projectRoot = "";
			targets = (
				F665312428ADC12400E94B61 /* anahuac_ios */,
			);
		};
/* End PBXProject section */

/* Begin PBXResourcesBuildPhase section */
		F665312328ADC12400E94B61 /* Resources */ = {
			isa = PBXResourcesBuildPhase;
			buildActionMask = 2147483647;
			files = (
				F665313528ADC12700E94B61 /* LaunchScreen.storyboard in Resources */,
				F61235A928C6DFD900D153B7 /* PokemonTableViewCell.xib in Resources */,
				F665313228ADC12700E94B61 /* Assets.xcassets in Resources */,
				F665313028ADC12400E94B61 /* Main.storyboard in Resources */,
			);
			runOnlyForDeploymentPostprocessing = 0;
		};
/* End PBXResourcesBuildPhase section */

/* Begin PBXSourcesBuildPhase section */
		F665312128ADC12400E94B61 /* Sources */ = {
			isa = PBXSourcesBuildPhase;
			buildActionMask = 2147483647;
			files = (
				F61235A828C6DFD900D153B7 /* PokemonTableViewCell.swift in Sources */,
				F665312D28ADC12400E94B61 /* ViewController.swift in Sources */,
				F61235A528C6DE6300D153B7 /* Pokemon.swift in Sources */,
				F665312928ADC12400E94B61 /* AppDelegate.swift in Sources */,
				F65AAC7D28C042800061F66F /* PokemonDetailViewController.swift in Sources */,
				F665312B28ADC12400E94B61 /* SceneDelegate.swift in Sources */,
				F616254B28B46FC80080CDFC /* HomeViewController.swift in Sources */,
				F666FC2D28BDA608004077D4 /* PokemonListViewController.swift in Sources */,
				F690E58B28B6FCB300D62816 /* LoginNetflixViewController.swift in Sources */,
			);
			runOnlyForDeploymentPostprocessing = 0;
		};
/* End PBXSourcesBuildPhase section */

/* Begin PBXVariantGroup section */
		F665312E28ADC12400E94B61 /* Main.storyboard */ = {
			isa = PBXVariantGroup;
			children = (
				F665312F28ADC12400E94B61 /* Base */,
			);
			name = Main.storyboard;
			sourceTree = "<group>";
		};
		F665313328ADC12700E94B61 /* LaunchScreen.storyboard */ = {
			isa = PBXVariantGroup;
			children = (
				F665313428ADC12700E94B61 /* Base */,
			);
			name = LaunchScreen.storyboard;
			sourceTree = "<group>";
		};
/* End PBXVariantGroup section */

/* Begin XCBuildConfiguration section */
		F665313728ADC12700E94B61 /* Debug */ = {
			isa = XCBuildConfiguration;
			buildSettings = {
				ALWAYS_SEARCH_USER_PATHS = NO;
				CLANG_ANALYZER_NONNULL = YES;
				CLANG_ANALYZER_NUMBER_OBJECT_CONVERSION = YES_AGGRESSIVE;
				CLANG_CXX_LANGUAGE_STANDARD = "gnu++17";
				CLANG_ENABLE_MODULES = YES;
				CLANG_ENABLE_OBJC_ARC = YES;
				CLANG_ENABLE_OBJC_WEAK = YES;
				CLANG_WARN_BLOCK_CAPTURE_AUTORELEASING = YES;
				CLANG_WARN_BOOL_CONVERSION = YES;
				CLANG_WARN_COMMA = YES;
				CLANG_WARN_CONSTANT_CONVERSION = YES;
				CLANG_WARN_DEPRECATED_OBJC_IMPLEMENTATIONS = YES;
				CLANG_WARN_DIRECT_OBJC_ISA_USAGE = YES_ERROR;
				CLANG_WARN_DOCUMENTATION_COMMENTS = YES;
				CLANG_WARN_EMPTY_BODY = YES;
				CLANG_WARN_ENUM_CONVERSION = YES;
				CLANG_WARN_INFINITE_RECURSION = YES;
				CLANG_WARN_INT_CONVERSION = YES;
				CLANG_WARN_NON_LITERAL_NULL_CONVERSION = YES;
				CLANG_WARN_OBJC_IMPLICIT_RETAIN_SELF = YES;
				CLANG_WARN_OBJC_LITERAL_CONVERSION = YES;
				CLANG_WARN_OBJC_ROOT_CLASS = YES_ERROR;
				CLANG_WARN_QUOTED_INCLUDE_IN_FRAMEWORK_HEADER = YES;
				CLANG_WARN_RANGE_LOOP_ANALYSIS = YES;
				CLANG_WARN_STRICT_PROTOTYPES = YES;
				CLANG_WARN_SUSPICIOUS_MOVE = YES;
				CLANG_WARN_UNGUARDED_AVAILABILITY = YES_AGGRESSIVE;
				CLANG_WARN_UNREACHABLE_CODE = YES;
				CLANG_WARN__DUPLICATE_METHOD_MATCH = YES;
				COPY_PHASE_STRIP = NO;
				DEBUG_INFORMATION_FORMAT = dwarf;
				ENABLE_STRICT_OBJC_MSGSEND = YES;
				ENABLE_TESTABILITY = YES;
				GCC_C_LANGUAGE_STANDARD = gnu11;
				GCC_DYNAMIC_NO_PIC = NO;
				GCC_NO_COMMON_BLOCKS = YES;
				GCC_OPTIMIZATION_LEVEL = 0;
				GCC_PREPROCESSOR_DEFINITIONS = (
					"DEBUG=1",
					"$(inherited)",
				);
				GCC_WARN_64_TO_32_BIT_CONVERSION = YES;
				GCC_WARN_ABOUT_RETURN_TYPE = YES_ERROR;
				GCC_WARN_UNDECLARED_SELECTOR = YES;
				GCC_WARN_UNINITIALIZED_AUTOS = YES_AGGRESSIVE;
				GCC_WARN_UNUSED_FUNCTION = YES;
				GCC_WARN_UNUSED_VARIABLE = YES;
				IPHONEOS_DEPLOYMENT_TARGET = 15.5;
				MTL_ENABLE_DEBUG_INFO = INCLUDE_SOURCE;
				MTL_FAST_MATH = YES;
				ONLY_ACTIVE_ARCH = YES;
				SDKROOT = iphoneos;
				SWIFT_ACTIVE_COMPILATION_CONDITIONS = DEBUG;
				SWIFT_OPTIMIZATION_LEVEL = "-Onone";
			};
			name = Debug;
		};
		F665313828ADC12700E94B61 /* Release */ = {
			isa = XCBuildConfiguration;
			buildSettings = {
				ALWAYS_SEARCH_USER_PATHS = NO;
				CLANG_ANALYZER_NONNULL = YES;
				CLANG_ANALYZER_NUMBER_OBJECT_CONVERSION = YES_AGGRESSIVE;
				CLANG_CXX_LANGUAGE_STANDARD = "gnu++17";
				CLANG_ENABLE_MODULES = YES;
				CLANG_ENABLE_OBJC_ARC = YES;
				CLANG_ENABLE_OBJC_WEAK = YES;
				CLANG_WARN_BLOCK_CAPTURE_AUTORELEASING = YES;
				CLANG_WARN_BOOL_CONVERSION = YES;
				CLANG_WARN_COMMA = YES;
				CLANG_WARN_CONSTANT_CONVERSION = YES;
				CLANG_WARN_DEPRECATED_OBJC_IMPLEMENTATIONS = YES;
				CLANG_WARN_DIRECT_OBJC_ISA_USAGE = YES_ERROR;
				CLANG_WARN_DOCUMENTATION_COMMENTS = YES;
				CLANG_WARN_EMPTY_BODY = YES;
				CLANG_WARN_ENUM_CONVERSION = YES;
				CLANG_WARN_INFINITE_RECURSION = YES;
				CLANG_WARN_INT_CONVERSION = YES;
				CLANG_WARN_NON_LITERAL_NULL_CONVERSION = YES;
				CLANG_WARN_OBJC_IMPLICIT_RETAIN_SELF = YES;
				CLANG_WARN_OBJC_LITERAL_CONVERSION = YES;
				CLANG_WARN_OBJC_ROOT_CLASS = YES_ERROR;
				CLANG_WARN_QUOTED_INCLUDE_IN_FRAMEWORK_HEADER = YES;
				CLANG_WARN_RANGE_LOOP_ANALYSIS = YES;
				CLANG_WARN_STRICT_PROTOTYPES = YES;
				CLANG_WARN_SUSPICIOUS_MOVE = YES;
				CLANG_WARN_UNGUARDED_AVAILABILITY = YES_AGGRESSIVE;
				CLANG_WARN_UNREACHABLE_CODE = YES;
				CLANG_WARN__DUPLICATE_METHOD_MATCH = YES;
				COPY_PHASE_STRIP = NO;
				DEBUG_INFORMATION_FORMAT = "dwarf-with-dsym";
				ENABLE_NS_ASSERTIONS = NO;
				ENABLE_STRICT_OBJC_MSGSEND = YES;
				GCC_C_LANGUAGE_STANDARD = gnu11;
				GCC_NO_COMMON_BLOCKS = YES;
				GCC_WARN_64_TO_32_BIT_CONVERSION = YES;
				GCC_WARN_ABOUT_RETURN_TYPE = YES_ERROR;
				GCC_WARN_UNDECLARED_SELECTOR = YES;
				GCC_WARN_UNINITIALIZED_AUTOS = YES_AGGRESSIVE;
				GCC_WARN_UNUSED_FUNCTION = YES;
				GCC_WARN_UNUSED_VARIABLE = YES;
				IPHONEOS_DEPLOYMENT_TARGET = 15.5;
				MTL_ENABLE_DEBUG_INFO = NO;
				MTL_FAST_MATH = YES;
				SDKROOT = iphoneos;
				SWIFT_COMPILATION_MODE = wholemodule;
				SWIFT_OPTIMIZATION_LEVEL = "-O";
				VALIDATE_PRODUCT = YES;
			};
			name = Release;
		};
		F665313A28ADC12700E94B61 /* Debug */ = {
			isa = XCBuildConfiguration;
			buildSettings = {
				ASSETCATALOG_COMPILER_APPICON_NAME = AppIcon;
				ASSETCATALOG_COMPILER_GLOBAL_ACCENT_COLOR_NAME = AccentColor;
				CODE_SIGN_STYLE = Automatic;
				CURRENT_PROJECT_VERSION = 1;
				GENERATE_INFOPLIST_FILE = YES;
				INFOPLIST_FILE = anahuac_ios/Info.plist;
				INFOPLIST_KEY_UIApplicationSupportsIndirectInputEvents = YES;
				INFOPLIST_KEY_UILaunchStoryboardName = LaunchScreen;
				INFOPLIST_KEY_UIMainStoryboardFile = Main;
				INFOPLIST_KEY_UISupportedInterfaceOrientations_iPad = "UIInterfaceOrientationPortrait UIInterfaceOrientationPortraitUpsideDown UIInterfaceOrientationLandscapeLeft UIInterfaceOrientationLandscapeRight";
				INFOPLIST_KEY_UISupportedInterfaceOrientations_iPhone = "UIInterfaceOrientationPortrait UIInterfaceOrientationLandscapeLeft UIInterfaceOrientationLandscapeRight";
				LD_RUNPATH_SEARCH_PATHS = (
					"$(inherited)",
					"@executable_path/Frameworks",
				);
				MARKETING_VERSION = 1.0;
				PRODUCT_BUNDLE_IDENTIFIER = "com.anahuac.anahuac-ios";
				PRODUCT_NAME = "$(TARGET_NAME)";
				SWIFT_EMIT_LOC_STRINGS = YES;
				SWIFT_VERSION = 5.0;
				TARGETED_DEVICE_FAMILY = "1,2";
			};
			name = Debug;
		};
		F665313B28ADC12700E94B61 /* Release */ = {
			isa = XCBuildConfiguration;
			buildSettings = {
				ASSETCATALOG_COMPILER_APPICON_NAME = AppIcon;
				ASSETCATALOG_COMPILER_GLOBAL_ACCENT_COLOR_NAME = AccentColor;
				CODE_SIGN_STYLE = Automatic;
				CURRENT_PROJECT_VERSION = 1;
				GENERATE_INFOPLIST_FILE = YES;
				INFOPLIST_FILE = anahuac_ios/Info.plist;
				INFOPLIST_KEY_UIApplicationSupportsIndirectInputEvents = YES;
				INFOPLIST_KEY_UILaunchStoryboardName = LaunchScreen;
				INFOPLIST_KEY_UIMainStoryboardFile = Main;
				INFOPLIST_KEY_UISupportedInterfaceOrientations_iPad = "UIInterfaceOrientationPortrait UIInterfaceOrientationPortraitUpsideDown UIInterfaceOrientationLandscapeLeft UIInterfaceOrientationLandscapeRight";
				INFOPLIST_KEY_UISupportedInterfaceOrientations_iPhone = "UIInterfaceOrientationPortrait UIInterfaceOrientationLandscapeLeft UIInterfaceOrientationLandscapeRight";
				LD_RUNPATH_SEARCH_PATHS = (
					"$(inherited)",
					"@executable_path/Frameworks",
				);
				MARKETING_VERSION = 1.0;
				PRODUCT_BUNDLE_IDENTIFIER = "com.anahuac.anahuac-ios";
				PRODUCT_NAME = "$(TARGET_NAME)";
				SWIFT_EMIT_LOC_STRINGS = YES;
				SWIFT_VERSION = 5.0;
				TARGETED_DEVICE_FAMILY = "1,2";
			};
			name = Release;
		};
/* End XCBuildConfiguration section */

/* Begin XCConfigurationList section */
		F665312028ADC12400E94B61 /* Build configuration list for PBXProject "anahuac_ios" */ = {
			isa = XCConfigurationList;
			buildConfigurations = (
				F665313728ADC12700E94B61 /* Debug */,
				F665313828ADC12700E94B61 /* Release */,
			);
			defaultConfigurationIsVisible = 0;
			defaultConfigurationName = Release;
		};
		F665313928ADC12700E94B61 /* Build configuration list for PBXNativeTarget "anahuac_ios" */ = {
			isa = XCConfigurationList;
			buildConfigurations = (
				F665313A28ADC12700E94B61 /* Debug */,
				F665313B28ADC12700E94B61 /* Release */,
			);
			defaultConfigurationIsVisible = 0;
			defaultConfigurationName = Release;
		};
/* End XCConfigurationList section */
	};
	rootObject = F665311D28ADC12400E94B61 /* Project object */;
}
